// !$*UTF8*$!
{
	archiveVersion = 1;
	classes = {
	};
	objectVersion = 48;
	objects = {

/* Begin PBXBuildFile section */
		C65505AC20399199002F4CB6 /* AppDelegate.swift in Sources */ = {isa = PBXBuildFile; fileRef = C65505AB20399199002F4CB6 /* AppDelegate.swift */; };
		C65505AE20399199002F4CB6 /* SearchViewController.swift in Sources */ = {isa = PBXBuildFile; fileRef = C65505AD20399199002F4CB6 /* SearchViewController.swift */; };
		C65505B120399199002F4CB6 /* Search.storyboard in Resources */ = {isa = PBXBuildFile; fileRef = C65505AF20399199002F4CB6 /* Search.storyboard */; };
		C65505B320399199002F4CB6 /* Assets.xcassets in Resources */ = {isa = PBXBuildFile; fileRef = C65505B220399199002F4CB6 /* Assets.xcassets */; };
		C65505B620399199002F4CB6 /* LaunchScreen.storyboard in Resources */ = {isa = PBXBuildFile; fileRef = C65505B420399199002F4CB6 /* LaunchScreen.storyboard */; };
		C65505C020399891002F4CB6 /* MovieDetails.storyboard in Resources */ = {isa = PBXBuildFile; fileRef = C65505BF20399891002F4CB6 /* MovieDetails.storyboard */; };
		C65505C2203998AF002F4CB6 /* MovieDetailsViewController.swift in Sources */ = {isa = PBXBuildFile; fileRef = C65505C1203998AF002F4CB6 /* MovieDetailsViewController.swift */; };
		C65505C520399C5E002F4CB6 /* SearchHistoryViewController.swift in Sources */ = {isa = PBXBuildFile; fileRef = C65505C420399C5E002F4CB6 /* SearchHistoryViewController.swift */; };
		C65505C720399D00002F4CB6 /* SearchHistory.storyboard in Resources */ = {isa = PBXBuildFile; fileRef = C65505C620399D00002F4CB6 /* SearchHistory.storyboard */; };
		C65505C920399DD7002F4CB6 /* SearchHistoryTableViewCell.swift in Sources */ = {isa = PBXBuildFile; fileRef = C65505C820399DD7002F4CB6 /* SearchHistoryTableViewCell.swift */; };
		C65505CE20399EF4002F4CB6 /* Movie Poster Finder.xcdatamodeld in Sources */ = {isa = PBXBuildFile; fileRef = C65505CC20399EF4002F4CB6 /* Movie Poster Finder.xcdatamodeld */; };
		C65505D02039A080002F4CB6 /* CoreDataStack.swift in Sources */ = {isa = PBXBuildFile; fileRef = C65505CF2039A080002F4CB6 /* CoreDataStack.swift */; };
		C65505D52039A210002F4CB6 /* Movie+CoreDataClass.swift in Sources */ = {isa = PBXBuildFile; fileRef = C65505D12039A210002F4CB6 /* Movie+CoreDataClass.swift */; };
		C65505D62039A210002F4CB6 /* Movie+CoreDataProperties.swift in Sources */ = {isa = PBXBuildFile; fileRef = C65505D22039A210002F4CB6 /* Movie+CoreDataProperties.swift */; };
		C65505D72039A210002F4CB6 /* SearchDate+CoreDataClass.swift in Sources */ = {isa = PBXBuildFile; fileRef = C65505D32039A210002F4CB6 /* SearchDate+CoreDataClass.swift */; };
		C65505D82039A210002F4CB6 /* SearchDate+CoreDataProperties.swift in Sources */ = {isa = PBXBuildFile; fileRef = C65505D42039A210002F4CB6 /* SearchDate+CoreDataProperties.swift */; };
/* End PBXBuildFile section */

/* Begin PBXFileReference section */
		C65505A820399199002F4CB6 /* MoviePosterFinder.app */ = {isa = PBXFileReference; explicitFileType = wrapper.application; includeInIndex = 0; path = MoviePosterFinder.app; sourceTree = BUILT_PRODUCTS_DIR; };
		C65505AB20399199002F4CB6 /* AppDelegate.swift */ = {isa = PBXFileReference; lastKnownFileType = sourcecode.swift; path = AppDelegate.swift; sourceTree = "<group>"; };
		C65505AD20399199002F4CB6 /* SearchViewController.swift */ = {isa = PBXFileReference; lastKnownFileType = sourcecode.swift; path = SearchViewController.swift; sourceTree = "<group>"; };
		C65505B020399199002F4CB6 /* Base */ = {isa = PBXFileReference; lastKnownFileType = file.storyboard; name = Base; path = Base.lproj/Search.storyboard; sourceTree = "<group>"; };
		C65505B220399199002F4CB6 /* Assets.xcassets */ = {isa = PBXFileReference; lastKnownFileType = folder.assetcatalog; path = Assets.xcassets; sourceTree = "<group>"; };
		C65505B520399199002F4CB6 /* Base */ = {isa = PBXFileReference; lastKnownFileType = file.storyboard; name = Base; path = Base.lproj/LaunchScreen.storyboard; sourceTree = "<group>"; };
		C65505B720399199002F4CB6 /* Info.plist */ = {isa = PBXFileReference; lastKnownFileType = text.plist.xml; path = Info.plist; sourceTree = "<group>"; };
		C65505BF20399891002F4CB6 /* MovieDetails.storyboard */ = {isa = PBXFileReference; lastKnownFileType = file.storyboard; path = MovieDetails.storyboard; sourceTree = "<group>"; };
		C65505C1203998AF002F4CB6 /* MovieDetailsViewController.swift */ = {isa = PBXFileReference; lastKnownFileType = sourcecode.swift; path = MovieDetailsViewController.swift; sourceTree = "<group>"; };
		C65505C420399C5E002F4CB6 /* SearchHistoryViewController.swift */ = {isa = PBXFileReference; lastKnownFileType = sourcecode.swift; path = SearchHistoryViewController.swift; sourceTree = "<group>"; };
		C65505C620399D00002F4CB6 /* SearchHistory.storyboard */ = {isa = PBXFileReference; lastKnownFileType = file.storyboard; path = SearchHistory.storyboard; sourceTree = "<group>"; };
		C65505C820399DD7002F4CB6 /* SearchHistoryTableViewCell.swift */ = {isa = PBXFileReference; lastKnownFileType = sourcecode.swift; path = SearchHistoryTableViewCell.swift; sourceTree = "<group>"; };
		C65505CD20399EF4002F4CB6 /* Movie Poster Finder.xcdatamodel */ = {isa = PBXFileReference; lastKnownFileType = wrapper.xcdatamodel; path = "Movie Poster Finder.xcdatamodel"; sourceTree = "<group>"; };
		C65505CF2039A080002F4CB6 /* CoreDataStack.swift */ = {isa = PBXFileReference; lastKnownFileType = sourcecode.swift; path = CoreDataStack.swift; sourceTree = "<group>"; };
		C65505D12039A210002F4CB6 /* Movie+CoreDataClass.swift */ = {isa = PBXFileReference; lastKnownFileType = sourcecode.swift; path = "Movie+CoreDataClass.swift"; sourceTree = "<group>"; };
		C65505D22039A210002F4CB6 /* Movie+CoreDataProperties.swift */ = {isa = PBXFileReference; lastKnownFileType = sourcecode.swift; path = "Movie+CoreDataProperties.swift"; sourceTree = "<group>"; };
		C65505D32039A210002F4CB6 /* SearchDate+CoreDataClass.swift */ = {isa = PBXFileReference; lastKnownFileType = sourcecode.swift; path = "SearchDate+CoreDataClass.swift"; sourceTree = "<group>"; };
		C65505D42039A210002F4CB6 /* SearchDate+CoreDataProperties.swift */ = {isa = PBXFileReference; lastKnownFileType = sourcecode.swift; path = "SearchDate+CoreDataProperties.swift"; sourceTree = "<group>"; };
/* End PBXFileReference section */

/* Begin PBXFrameworksBuildPhase section */
		C65505A520399199002F4CB6 /* Frameworks */ = {
			isa = PBXFrameworksBuildPhase;
			buildActionMask = 2147483647;
			files = (
			);
			runOnlyForDeploymentPostprocessing = 0;
		};
/* End PBXFrameworksBuildPhase section */

/* Begin PBXGroup section */
		C655059F20399199002F4CB6 = {
			isa = PBXGroup;
			children = (
				C65505AA20399199002F4CB6 /* MoviePosterFinder */,
				C65505A920399199002F4CB6 /* Products */,
			);
			sourceTree = "<group>";
		};
		C65505A920399199002F4CB6 /* Products */ = {
			isa = PBXGroup;
			children = (
				C65505A820399199002F4CB6 /* MoviePosterFinder.app */,
			);
			name = Products;
			sourceTree = "<group>";
		};
		C65505AA20399199002F4CB6 /* MoviePosterFinder */ = {
			isa = PBXGroup;
			children = (
				C65505C320399C10002F4CB6 /* SearchHistory */,
				C65505BE20399871002F4CB6 /* MovieDetails */,
				C65505BD20399830002F4CB6 /* Search */,
				C65505CB20399EB9002F4CB6 /* CoreData */,
				C65505AB20399199002F4CB6 /* AppDelegate.swift */,
				C65505B220399199002F4CB6 /* Assets.xcassets */,
				C65505B420399199002F4CB6 /* LaunchScreen.storyboard */,
				C65505B720399199002F4CB6 /* Info.plist */,
			);
			path = MoviePosterFinder;
			sourceTree = "<group>";
		};
		C65505BD20399830002F4CB6 /* Search */ = {
			isa = PBXGroup;
			children = (
				C65505AD20399199002F4CB6 /* SearchViewController.swift */,
				C65505AF20399199002F4CB6 /* Search.storyboard */,
			);
			path = Search;
			sourceTree = "<group>";
		};
		C65505BE20399871002F4CB6 /* MovieDetails */ = {
			isa = PBXGroup;
			children = (
				C65505C1203998AF002F4CB6 /* MovieDetailsViewController.swift */,
				C65505BF20399891002F4CB6 /* MovieDetails.storyboard */,
			);
			path = MovieDetails;
			sourceTree = "<group>";
		};
		C65505C320399C10002F4CB6 /* SearchHistory */ = {
			isa = PBXGroup;
			children = (
				C65505CA20399DE0002F4CB6 /* Cells */,
				C65505C420399C5E002F4CB6 /* SearchHistoryViewController.swift */,
				C65505C620399D00002F4CB6 /* SearchHistory.storyboard */,
			);
			path = SearchHistory;
			sourceTree = "<group>";
		};
		C65505CA20399DE0002F4CB6 /* Cells */ = {
			isa = PBXGroup;
			children = (
				C65505C820399DD7002F4CB6 /* SearchHistoryTableViewCell.swift */,
			);
			path = Cells;
			sourceTree = "<group>";
		};
		C65505CB20399EB9002F4CB6 /* CoreData */ = {
			isa = PBXGroup;
			children = (
				C65505CF2039A080002F4CB6 /* CoreDataStack.swift */,
				C65505CC20399EF4002F4CB6 /* Movie Poster Finder.xcdatamodeld */,
				C65505D12039A210002F4CB6 /* Movie+CoreDataClass.swift */,
				C65505D22039A210002F4CB6 /* Movie+CoreDataProperties.swift */,
				C65505D32039A210002F4CB6 /* SearchDate+CoreDataClass.swift */,
				C65505D42039A210002F4CB6 /* SearchDate+CoreDataProperties.swift */,
			);
			path = CoreData;
			sourceTree = "<group>";
		};
/* End PBXGroup section */

/* Begin PBXNativeTarget section */
		C65505A720399199002F4CB6 /* MoviePosterFinder */ = {
			isa = PBXNativeTarget;
			buildConfigurationList = C65505BA20399199002F4CB6 /* Build configuration list for PBXNativeTarget "MoviePosterFinder" */;
			buildPhases = (
				C65505A420399199002F4CB6 /* Sources */,
				C65505A520399199002F4CB6 /* Frameworks */,
				C65505A620399199002F4CB6 /* Resources */,
			);
			buildRules = (
			);
			dependencies = (
			);
			name = MoviePosterFinder;
			productName = MoviePosterFinder;
			productReference = C65505A820399199002F4CB6 /* MoviePosterFinder.app */;
			productType = "com.apple.product-type.application";
		};
/* End PBXNativeTarget section */

/* Begin PBXProject section */
		C65505A020399199002F4CB6 /* Project object */ = {
			isa = PBXProject;
			attributes = {
				LastSwiftUpdateCheck = 0920;
				LastUpgradeCheck = 0920;
				ORGANIZATIONNAME = "Serhii Palash";
				TargetAttributes = {
					C65505A720399199002F4CB6 = {
						CreatedOnToolsVersion = 9.2;
						ProvisioningStyle = Manual;
					};
				};
			};
			buildConfigurationList = C65505A320399199002F4CB6 /* Build configuration list for PBXProject "MoviePosterFinder" */;
			compatibilityVersion = "Xcode 8.0";
			developmentRegion = en;
			hasScannedForEncodings = 0;
			knownRegions = (
				en,
				Base,
			);
			mainGroup = C655059F20399199002F4CB6;
			productRefGroup = C65505A920399199002F4CB6 /* Products */;
			projectDirPath = "";
			projectRoot = "";
			targets = (
				C65505A720399199002F4CB6 /* MoviePosterFinder */,
			);
		};
/* End PBXProject section */

/* Begin PBXResourcesBuildPhase section */
		C65505A620399199002F4CB6 /* Resources */ = {
			isa = PBXResourcesBuildPhase;
			buildActionMask = 2147483647;
			files = (
				C65505C020399891002F4CB6 /* MovieDetails.storyboard in Resources */,
				C65505B620399199002F4CB6 /* LaunchScreen.storyboard in Resources */,
				C65505B320399199002F4CB6 /* Assets.xcassets in Resources */,
				C65505B120399199002F4CB6 /* Search.storyboard in Resources */,
				C65505C720399D00002F4CB6 /* SearchHistory.storyboard in Resources */,
			);
			runOnlyForDeploymentPostprocessing = 0;
		};
/* End PBXResourcesBuildPhase section */

/* Begin PBXSourcesBuildPhase section */
		C65505A420399199002F4CB6 /* Sources */ = {
			isa = PBXSourcesBuildPhase;
			buildActionMask = 2147483647;
			files = (
				C65505D52039A210002F4CB6 /* Movie+CoreDataClass.swift in Sources */,
				C65505D82039A210002F4CB6 /* SearchDate+CoreDataProperties.swift in Sources */,
				C65505D02039A080002F4CB6 /* CoreDataStack.swift in Sources */,
				C65505AE20399199002F4CB6 /* SearchViewController.swift in Sources */,
				C65505C520399C5E002F4CB6 /* SearchHistoryViewController.swift in Sources */,
				C65505D62039A210002F4CB6 /* Movie+CoreDataProperties.swift in Sources */,
				C65505D72039A210002F4CB6 /* SearchDate+CoreDataClass.swift in Sources */,
				C65505CE20399EF4002F4CB6 /* Movie Poster Finder.xcdatamodeld in Sources */,
				C65505AC20399199002F4CB6 /* AppDelegate.swift in Sources */,
				C65505C2203998AF002F4CB6 /* MovieDetailsViewController.swift in Sources */,
				C65505C920399DD7002F4CB6 /* SearchHistoryTableViewCell.swift in Sources */,
			);
			runOnlyForDeploymentPostprocessing = 0;
		};
/* End PBXSourcesBuildPhase section */

/* Begin PBXVariantGroup section */
		C65505AF20399199002F4CB6 /* Search.storyboard */ = {
			isa = PBXVariantGroup;
			children = (
				C65505B020399199002F4CB6 /* Base */,
			);
			name = Search.storyboard;
			sourceTree = "<group>";
		};
		C65505B420399199002F4CB6 /* LaunchScreen.storyboard */ = {
			isa = PBXVariantGroup;
			children = (
				C65505B520399199002F4CB6 /* Base */,
			);
			name = LaunchScreen.storyboard;
			sourceTree = "<group>";
		};
/* End PBXVariantGroup section */

/* Begin XCBuildConfiguration section */
		C65505B820399199002F4CB6 /* Debug */ = {
			isa = XCBuildConfiguration;
			buildSettings = {
				ALWAYS_SEARCH_USER_PATHS = NO;
				CLANG_ANALYZER_NONNULL = YES;
				CLANG_ANALYZER_NUMBER_OBJECT_CONVERSION = YES_AGGRESSIVE;
				CLANG_CXX_LANGUAGE_STANDARD = "gnu++14";
				CLANG_CXX_LIBRARY = "libc++";
				CLANG_ENABLE_MODULES = YES;
				CLANG_ENABLE_OBJC_ARC = YES;
				CLANG_WARN_BLOCK_CAPTURE_AUTORELEASING = YES;
				CLANG_WARN_BOOL_CONVERSION = YES;
				CLANG_WARN_COMMA = YES;
				CLANG_WARN_CONSTANT_CONVERSION = YES;
				CLANG_WARN_DIRECT_OBJC_ISA_USAGE = YES_ERROR;
				CLANG_WARN_DOCUMENTATION_COMMENTS = YES;
				CLANG_WARN_EMPTY_BODY = YES;
				CLANG_WARN_ENUM_CONVERSION = YES;
				CLANG_WARN_INFINITE_RECURSION = YES;
				CLANG_WARN_INT_CONVERSION = YES;
				CLANG_WARN_NON_LITERAL_NULL_CONVERSION = YES;
				CLANG_WARN_OBJC_LITERAL_CONVERSION = YES;
				CLANG_WARN_OBJC_ROOT_CLASS = YES_ERROR;
				CLANG_WARN_RANGE_LOOP_ANALYSIS = YES;
				CLANG_WARN_STRICT_PROTOTYPES = YES;
				CLANG_WARN_SUSPICIOUS_MOVE = YES;
				CLANG_WARN_UNGUARDED_AVAILABILITY = YES_AGGRESSIVE;
				CLANG_WARN_UNREACHABLE_CODE = YES;
				CLANG_WARN__DUPLICATE_METHOD_MATCH = YES;
				CODE_SIGN_IDENTITY = "iPhone Developer";
				COPY_PHASE_STRIP = NO;
				DEBUG_INFORMATION_FORMAT = dwarf;
				ENABLE_STRICT_OBJC_MSGSEND = YES;
				ENABLE_TESTABILITY = YES;
				GCC_C_LANGUAGE_STANDARD = gnu11;
				GCC_DYNAMIC_NO_PIC = NO;
				GCC_NO_COMMON_BLOCKS = YES;
				GCC_OPTIMIZATION_LEVEL = 0;
				GCC_PREPROCESSOR_DEFINITIONS = (
					"DEBUG=1",
					"$(inherited)",
				);
				GCC_WARN_64_TO_32_BIT_CONVERSION = YES;
				GCC_WARN_ABOUT_RETURN_TYPE = YES_ERROR;
				GCC_WARN_UNDECLARED_SELECTOR = YES;
				GCC_WARN_UNINITIALIZED_AUTOS = YES_AGGRESSIVE;
				GCC_WARN_UNUSED_FUNCTION = YES;
				GCC_WARN_UNUSED_VARIABLE = YES;
				IPHONEOS_DEPLOYMENT_TARGET = 11.2;
				MTL_ENABLE_DEBUG_INFO = YES;
				ONLY_ACTIVE_ARCH = YES;
				SDKROOT = iphoneos;
				SWIFT_ACTIVE_COMPILATION_CONDITIONS = DEBUG;
				SWIFT_OPTIMIZATION_LEVEL = "-Onone";
			};
			name = Debug;
		};
		C65505B920399199002F4CB6 /* Release */ = {
			isa = XCBuildConfiguration;
			buildSettings = {
				ALWAYS_SEARCH_USER_PATHS = NO;
				CLANG_ANALYZER_NONNULL = YES;
				CLANG_ANALYZER_NUMBER_OBJECT_CONVERSION = YES_AGGRESSIVE;
				CLANG_CXX_LANGUAGE_STANDARD = "gnu++14";
				CLANG_CXX_LIBRARY = "libc++";
				CLANG_ENABLE_MODULES = YES;
				CLANG_ENABLE_OBJC_ARC = YES;
				CLANG_WARN_BLOCK_CAPTURE_AUTORELEASING = YES;
				CLANG_WARN_BOOL_CONVERSION = YES;
				CLANG_WARN_COMMA = YES;
				CLANG_WARN_CONSTANT_CONVERSION = YES;
				CLANG_WARN_DIRECT_OBJC_ISA_USAGE = YES_ERROR;
				CLANG_WARN_DOCUMENTATION_COMMENTS = YES;
				CLANG_WARN_EMPTY_BODY = YES;
				CLANG_WARN_ENUM_CONVERSION = YES;
				CLANG_WARN_INFINITE_RECURSION = YES;
				CLANG_WARN_INT_CONVERSION = YES;
				CLANG_WARN_NON_LITERAL_NULL_CONVERSION = YES;
				CLANG_WARN_OBJC_LITERAL_CONVERSION = YES;
				CLANG_WARN_OBJC_ROOT_CLASS = YES_ERROR;
				CLANG_WARN_RANGE_LOOP_ANALYSIS = YES;
				CLANG_WARN_STRICT_PROTOTYPES = YES;
				CLANG_WARN_SUSPICIOUS_MOVE = YES;
				CLANG_WARN_UNGUARDED_AVAILABILITY = YES_AGGRESSIVE;
				CLANG_WARN_UNREACHABLE_CODE = YES;
				CLANG_WARN__DUPLICATE_METHOD_MATCH = YES;
				CODE_SIGN_IDENTITY = "iPhone Developer";
				COPY_PHASE_STRIP = NO;
				DEBUG_INFORMATION_FORMAT = "dwarf-with-dsym";
				ENABLE_NS_ASSERTIONS = NO;
				ENABLE_STRICT_OBJC_MSGSEND = YES;
				GCC_C_LANGUAGE_STANDARD = gnu11;
				GCC_NO_COMMON_BLOCKS = YES;
				GCC_WARN_64_TO_32_BIT_CONVERSION = YES;
				GCC_WARN_ABOUT_RETURN_TYPE = YES_ERROR;
				GCC_WARN_UNDECLARED_SELECTOR = YES;
				GCC_WARN_UNINITIALIZED_AUTOS = YES_AGGRESSIVE;
				GCC_WARN_UNUSED_FUNCTION = YES;
				GCC_WARN_UNUSED_VARIABLE = YES;
				IPHONEOS_DEPLOYMENT_TARGET = 11.2;
				MTL_ENABLE_DEBUG_INFO = NO;
				SDKROOT = iphoneos;
				SWIFT_OPTIMIZATION_LEVEL = "-Owholemodule";
				VALIDATE_PRODUCT = YES;
			};
			name = Release;
		};
		C65505BB20399199002F4CB6 /* Debug */ = {
			isa = XCBuildConfiguration;
			buildSettings = {
				ASSETCATALOG_COMPILER_APPICON_NAME = AppIcon;
				CODE_SIGN_STYLE = Manual;
				DEVELOPMENT_TEAM = "";
				INFOPLIST_FILE = MoviePosterFinder/Info.plist;
				IPHONEOS_DEPLOYMENT_TARGET = 11.2;
				LD_RUNPATH_SEARCH_PATHS = "$(inherited) @executable_path/Frameworks";
				PRODUCT_BUNDLE_IDENTIFIER = com.app.MoviePosterFinder;
				PRODUCT_NAME = "$(TARGET_NAME)";
				PROVISIONING_PROFILE_SPECIFIER = "";
				SWIFT_VERSION = 4.0;
				TARGETED_DEVICE_FAMILY = "1,2";
			};
			name = Debug;
		};
		C65505BC20399199002F4CB6 /* Release */ = {
			isa = XCBuildConfiguration;
			buildSettings = {
				ASSETCATALOG_COMPILER_APPICON_NAME = AppIcon;
				CODE_SIGN_STYLE = Manual;
				DEVELOPMENT_TEAM = "";
				INFOPLIST_FILE = MoviePosterFinder/Info.plist;
				IPHONEOS_DEPLOYMENT_TARGET = 11.2;
				LD_RUNPATH_SEARCH_PATHS = "$(inherited) @executable_path/Frameworks";
				PRODUCT_BUNDLE_IDENTIFIER = com.app.MoviePosterFinder;
				PRODUCT_NAME = "$(TARGET_NAME)";
				PROVISIONING_PROFILE_SPECIFIER = "";
				SWIFT_VERSION = 4.0;
				TARGETED_DEVICE_FAMILY = "1,2";
			};
			name = Release;
		};
/* End XCBuildConfiguration section */

/* Begin XCConfigurationList section */
		C65505A320399199002F4CB6 /* Build configuration list for PBXProject "MoviePosterFinder" */ = {
			isa = XCConfigurationList;
			buildConfigurations = (
				C65505B820399199002F4CB6 /* Debug */,
				C65505B920399199002F4CB6 /* Release */,
			);
			defaultConfigurationIsVisible = 0;
			defaultConfigurationName = Release;
		};
		C65505BA20399199002F4CB6 /* Build configuration list for PBXNativeTarget "MoviePosterFinder" */ = {
			isa = XCConfigurationList;
			buildConfigurations = (
				C65505BB20399199002F4CB6 /* Debug */,
				C65505BC20399199002F4CB6 /* Release */,
			);
			defaultConfigurationIsVisible = 0;
			defaultConfigurationName = Release;
		};
/* End XCConfigurationList section */

/* Begin XCVersionGroup section */
		C65505CC20399EF4002F4CB6 /* Movie Poster Finder.xcdatamodeld */ = {
			isa = XCVersionGroup;
			children = (
				C65505CD20399EF4002F4CB6 /* Movie Poster Finder.xcdatamodel */,
			);
			currentVersion = C65505CD20399EF4002F4CB6 /* Movie Poster Finder.xcdatamodel */;
			path = "Movie Poster Finder.xcdatamodeld";
			sourceTree = "<group>";
			versionGroupType = wrapper.xcdatamodel;
		};
/* End XCVersionGroup section */
	};
	rootObject = C65505A020399199002F4CB6 /* Project object */;
}
